
Microsoft Visual Studio Solution File, Format Version 12.00
# Visual Studio 15
VisualStudioVersion = 15.0.27004.2009
MinimumVisualStudioVersion = 10.0.40219.1
Project("{FAE04EC0-301F-11D3-BF4B-00C04F79EFBC}") = "Classes_practice", "Classes_practice\Classes_practice.csproj", "{611FE7FF-F92F-4CB6-A013-485160709248}"
EndProject
Global
	GlobalSection(SolutionConfigurationPlatforms) = preSolution
		Debug|Any CPU = Debug|Any CPU
		Release|Any CPU = Release|Any CPU
	EndGlobalSection
	GlobalSection(ProjectConfigurationPlatforms) = postSolution
		{611FE7FF-F92F-4CB6-A013-485160709248}.Debug|Any CPU.ActiveCfg = Debug|Any CPU
		{611FE7FF-F92F-4CB6-A013-485160709248}.Debug|Any CPU.Build.0 = Debug|Any CPU
		{611FE7FF-F92F-4CB6-A013-485160709248}.Release|Any CPU.ActiveCfg = Release|Any CPU
		{611FE7FF-F92F-4CB6-A013-485160709248}.Release|Any CPU.Build.0 = Release|Any CPU
	EndGlobalSection
	GlobalSection(SolutionProperties) = preSolution
		HideSolutionNode = FALSE
	EndGlobalSection
	GlobalSection(ExtensibilityGlobals) = postSolution
		SolutionGuid = {FD9E43B1-C258-4AC8-B9A6-81B97AC6EA32}
	EndGlobalSection
EndGlobal
